
Microsoft Visual Studio Solution File, Format Version 12.00
# Visual Studio Version 16
VisualStudioVersion = 16.0.29230.47
MinimumVisualStudioVersion = 10.0.40219.1
Project("{FAE04EC0-301F-11D3-BF4B-00C04F79EFBC}") = "ExamenWebApp", "ExamenWebApp\ExamenWebApp.csproj", "{C78B0E99-D234-43EB-AEE5-118C48A5D1D6}"
EndProject
Global
	GlobalSection(SolutionConfigurationPlatforms) = preSolution
		Debug|Any CPU = Debug|Any CPU
		Release|Any CPU = Release|Any CPU
	EndGlobalSection
	GlobalSection(ProjectConfigurationPlatforms) = postSolution
		{C78B0E99-D234-43EB-AEE5-118C48A5D1D6}.Debug|Any CPU.ActiveCfg = Debug|Any CPU
		{C78B0E99-D234-43EB-AEE5-118C48A5D1D6}.Debug|Any CPU.Build.0 = Debug|Any CPU
		{C78B0E99-D234-43EB-AEE5-118C48A5D1D6}.Release|Any CPU.ActiveCfg = Release|Any CPU
		{C78B0E99-D234-43EB-AEE5-118C48A5D1D6}.Release|Any CPU.Build.0 = Release|Any CPU
	EndGlobalSection
	GlobalSection(SolutionProperties) = preSolution
		HideSolutionNode = FALSE
	EndGlobalSection
	GlobalSection(ExtensibilityGlobals) = postSolution
		SolutionGuid = {E27D07EA-A5CA-43DE-8264-7CD2A245D948}
	EndGlobalSection
EndGlobal
